
Microsoft Visual Studio Solution File, Format Version 12.00
# Visual Studio Version 17
VisualStudioVersion = 17.0.32126.317
MinimumVisualStudioVersion = 10.0.40219.1
Project("{FAE04EC0-301F-11D3-BF4B-00C04F79EFBC}") = "ProgramacionIntermedia2", "ProgramacionIntermedia2.csproj", "{2E529609-D4AB-43D4-BE15-284C130566A6}"
EndProject
Global
	GlobalSection(SolutionConfigurationPlatforms) = preSolution
		Debug|Any CPU = Debug|Any CPU
		Release|Any CPU = Release|Any CPU
	EndGlobalSection
	GlobalSection(ProjectConfigurationPlatforms) = postSolution
		{2E529609-D4AB-43D4-BE15-284C130566A6}.Debug|Any CPU.ActiveCfg = Debug|Any CPU
		{2E529609-D4AB-43D4-BE15-284C130566A6}.Debug|Any CPU.Build.0 = Debug|Any CPU
		{2E529609-D4AB-43D4-BE15-284C130566A6}.Release|Any CPU.ActiveCfg = Release|Any CPU
		{2E529609-D4AB-43D4-BE15-284C130566A6}.Release|Any CPU.Build.0 = Release|Any CPU
	EndGlobalSection
	GlobalSection(SolutionProperties) = preSolution
		HideSolutionNode = FALSE
	EndGlobalSection
	GlobalSection(ExtensibilityGlobals) = postSolution
		SolutionGuid = {C4E4D1EB-F121-4094-8457-6BF8873B417B}
	EndGlobalSection
EndGlobal
